# This file is automatically @generated by Cargo.
# It is not intended for manual editing.
version = 4

[[package]]
name = "ragavan"
version = "0.1.0"
dependencies = [
 "ragavan-runtime",
]

[[package]]
name = "ragavan-adapters"
version = "0.1.0"
dependencies = [
 "ragavan-core",
]

[[package]]
name = "ragavan-core"
version = "0.1.0"

[[package]]
name = "ragavan-platform"
version = "0.1.0"
dependencies = [
 "ragavan-core",
]

[[package]]
name = "ragavan-runtime"
version = "0.1.0"
dependencies = [
 "ragavan-adapters",
 "ragavan-core",
 "ragavan-platform",
]
